// !$*UTF8*$!
{
	archiveVersion = 1;
	classes = {
	};
	objectVersion = 46;
	objects = {

/* Begin PBXBuildFile section */
		2ED28BF91664223300EA0AEE /* UIKit.framework in Frameworks */ = {isa = PBXBuildFile; fileRef = 2ED28BF81664223300EA0AEE /* UIKit.framework */; };
		2ED28BFB1664223300EA0AEE /* Foundation.framework in Frameworks */ = {isa = PBXBuildFile; fileRef = 2ED28BFA1664223300EA0AEE /* Foundation.framework */; };
		2ED28BFD1664223300EA0AEE /* CoreGraphics.framework in Frameworks */ = {isa = PBXBuildFile; fileRef = 2ED28BFC1664223300EA0AEE /* CoreGraphics.framework */; };
		2ED28C031664223300EA0AEE /* InfoPlist.strings in Resources */ = {isa = PBXBuildFile; fileRef = 2ED28C011664223300EA0AEE /* InfoPlist.strings */; };
		2ED28C051664223300EA0AEE /* main.m in Sources */ = {isa = PBXBuildFile; fileRef = 2ED28C041664223300EA0AEE /* main.m */; };
		2ED28C091664223300EA0AEE /* AppDelegate.m in Sources */ = {isa = PBXBuildFile; fileRef = 2ED28C081664223300EA0AEE /* AppDelegate.m */; };
		2ED28C0B1664223300EA0AEE /* Default.png in Resources */ = {isa = PBXBuildFile; fileRef = 2ED28C0A1664223300EA0AEE /* Default.png */; };
		2ED28C0D1664223300EA0AEE /* Default@2x.png in Resources */ = {isa = PBXBuildFile; fileRef = 2ED28C0C1664223300EA0AEE /* Default@2x.png */; };
		2ED28C0F1664223300EA0AEE /* Default-568h@2x.png in Resources */ = {isa = PBXBuildFile; fileRef = 2ED28C0E1664223300EA0AEE /* Default-568h@2x.png */; };
		2ED28C1D1664223300EA0AEE /* SenTestingKit.framework in Frameworks */ = {isa = PBXBuildFile; fileRef = 2ED28C1C1664223300EA0AEE /* SenTestingKit.framework */; };
		2ED28C1E1664223300EA0AEE /* UIKit.framework in Frameworks */ = {isa = PBXBuildFile; fileRef = 2ED28BF81664223300EA0AEE /* UIKit.framework */; };
		2ED28C1F1664223300EA0AEE /* Foundation.framework in Frameworks */ = {isa = PBXBuildFile; fileRef = 2ED28BFA1664223300EA0AEE /* Foundation.framework */; };
		2ED28C271664223300EA0AEE /* InfoPlist.strings in Resources */ = {isa = PBXBuildFile; fileRef = 2ED28C251664223300EA0AEE /* InfoPlist.strings */; };
		2ED28C2A1664223300EA0AEE /* CarAssistTests.m in Sources */ = {isa = PBXBuildFile; fileRef = 2ED28C291664223300EA0AEE /* CarAssistTests.m */; };
		2ED28C3E166422BA00EA0AEE /* HomescreenViewController.m in Sources */ = {isa = PBXBuildFile; fileRef = 2ED28C3C166422BA00EA0AEE /* HomescreenViewController.m */; };
		2ED28C3F166422BA00EA0AEE /* HomescreenViewController.xib in Resources */ = {isa = PBXBuildFile; fileRef = 2ED28C3D166422BA00EA0AEE /* HomescreenViewController.xib */; };
		2ED28C43166422D200EA0AEE /* ProfilController.m in Sources */ = {isa = PBXBuildFile; fileRef = 2ED28C41166422D200EA0AEE /* ProfilController.m */; };
		2ED28C44166422D200EA0AEE /* ProfilController.xib in Resources */ = {isa = PBXBuildFile; fileRef = 2ED28C42166422D200EA0AEE /* ProfilController.xib */; };
		2ED28C48166422DD00EA0AEE /* ServiceViewController.m in Sources */ = {isa = PBXBuildFile; fileRef = 2ED28C46166422DD00EA0AEE /* ServiceViewController.m */; };
		2ED28C49166422DD00EA0AEE /* ServiceViewController.xib in Resources */ = {isa = PBXBuildFile; fileRef = 2ED28C47166422DD00EA0AEE /* ServiceViewController.xib */; };
		2ED28C4E166422E800EA0AEE /* StepModel.m in Sources */ = {isa = PBXBuildFile; fileRef = 2ED28C4B166422E800EA0AEE /* StepModel.m */; };
		2ED28C4F166422E800EA0AEE /* StepModelGenerator.m in Sources */ = {isa = PBXBuildFile; fileRef = 2ED28C4D166422E800EA0AEE /* StepModelGenerator.m */; };
		2ED28C561664230100EA0AEE /* StepScrollViewController.m in Sources */ = {isa = PBXBuildFile; fileRef = 2ED28C511664230100EA0AEE /* StepScrollViewController.m */; };
		2ED28C571664230100EA0AEE /* StepScrollViewController.xib in Resources */ = {isa = PBXBuildFile; fileRef = 2ED28C521664230100EA0AEE /* StepScrollViewController.xib */; };
		2ED28C581664230100EA0AEE /* StepView.m in Sources */ = {isa = PBXBuildFile; fileRef = 2ED28C541664230100EA0AEE /* StepView.m */; };
		2ED28C591664230100EA0AEE /* StepView.xib in Resources */ = {isa = PBXBuildFile; fileRef = 2ED28C551664230100EA0AEE /* StepView.xib */; };
		2ED28C671664231300EA0AEE /* View.xib in Resources */ = {isa = PBXBuildFile; fileRef = 2ED28C5A1664231300EA0AEE /* View.xib */; };
		2ED28C681664231300EA0AEE /* WarningLight.m in Sources */ = {isa = PBXBuildFile; fileRef = 2ED28C5C1664231300EA0AEE /* WarningLight.m */; };
		2ED28C691664231300EA0AEE /* WarningLightCollectionViewCell.m in Sources */ = {isa = PBXBuildFile; fileRef = 2ED28C5E1664231300EA0AEE /* WarningLightCollectionViewCell.m */; };
		2ED28C6A1664231300EA0AEE /* WarningLightContainerViewController.m in Sources */ = {isa = PBXBuildFile; fileRef = 2ED28C601664231300EA0AEE /* WarningLightContainerViewController.m */; };
		2ED28C6B1664231300EA0AEE /* WarningLightContainerViewController.xib in Resources */ = {isa = PBXBuildFile; fileRef = 2ED28C611664231300EA0AEE /* WarningLightContainerViewController.xib */; };
		2ED28C6C1664231300EA0AEE /* WarningLightStockService.m in Sources */ = {isa = PBXBuildFile; fileRef = 2ED28C631664231300EA0AEE /* WarningLightStockService.m */; };
		2ED28C6D1664231300EA0AEE /* WarningLightViewController.m in Sources */ = {isa = PBXBuildFile; fileRef = 2ED28C651664231300EA0AEE /* WarningLightViewController.m */; };
		2ED28C6E1664231300EA0AEE /* WarningLightViewController.xib in Resources */ = {isa = PBXBuildFile; fileRef = 2ED28C661664231300EA0AEE /* WarningLightViewController.xib */; };
		2ED28C71166423B500EA0AEE /* bremsanlage.png in Resources */ = {isa = PBXBuildFile; fileRef = 2ED28C70166423B500EA0AEE /* bremsanlage.png */; };
		2ED28C73166423C500EA0AEE /* feststellbremsenleuchte.png in Resources */ = {isa = PBXBuildFile; fileRef = 2ED28C72166423C500EA0AEE /* feststellbremsenleuchte.png */; };
		2ED28C75166423CC00EA0AEE /* parkbremse.png in Resources */ = {isa = PBXBuildFile; fileRef = 2ED28C74166423CC00EA0AEE /* parkbremse.png */; };
		2ED28C77166423DF00EA0AEE /* warnleuchte.png in Resources */ = {isa = PBXBuildFile; fileRef = 2ED28C76166423DF00EA0AEE /* warnleuchte.png */; };
		2ED28C7E1664241600EA0AEE /* ProfilTest.m in Sources */ = {isa = PBXBuildFile; fileRef = 2ED28C791664241600EA0AEE /* ProfilTest.m */; };
		2ED28C7F1664241600EA0AEE /* WarningLightStockServiceTest.m in Sources */ = {isa = PBXBuildFile; fileRef = 2ED28C7B1664241600EA0AEE /* WarningLightStockServiceTest.m */; };
		2ED28C801664241600EA0AEE /* WarningLightTest.m in Sources */ = {isa = PBXBuildFile; fileRef = 2ED28C7D1664241600EA0AEE /* WarningLightTest.m */; };
/* End PBXBuildFile section */

/* Begin PBXContainerItemProxy section */
		2ED28C201664223300EA0AEE /* PBXContainerItemProxy */ = {
			isa = PBXContainerItemProxy;
			containerPortal = 2ED28BEB1664223300EA0AEE /* Project object */;
			proxyType = 1;
			remoteGlobalIDString = 2ED28BF31664223300EA0AEE;
			remoteInfo = CarAssist;
		};
/* End PBXContainerItemProxy section */

/* Begin PBXFileReference section */
		2ED28BF41664223300EA0AEE /* CarAssist.app */ = {isa = PBXFileReference; explicitFileType = wrapper.application; includeInIndex = 0; path = CarAssist.app; sourceTree = BUILT_PRODUCTS_DIR; };
		2ED28BF81664223300EA0AEE /* UIKit.framework */ = {isa = PBXFileReference; lastKnownFileType = wrapper.framework; name = UIKit.framework; path = System/Library/Frameworks/UIKit.framework; sourceTree = SDKROOT; };
		2ED28BFA1664223300EA0AEE /* Foundation.framework */ = {isa = PBXFileReference; lastKnownFileType = wrapper.framework; name = Foundation.framework; path = System/Library/Frameworks/Foundation.framework; sourceTree = SDKROOT; };
		2ED28BFC1664223300EA0AEE /* CoreGraphics.framework */ = {isa = PBXFileReference; lastKnownFileType = wrapper.framework; name = CoreGraphics.framework; path = System/Library/Frameworks/CoreGraphics.framework; sourceTree = SDKROOT; };
		2ED28C001664223300EA0AEE /* CarAssist-Info.plist */ = {isa = PBXFileReference; lastKnownFileType = text.plist.xml; path = "CarAssist-Info.plist"; sourceTree = "<group>"; };
		2ED28C021664223300EA0AEE /* en */ = {isa = PBXFileReference; lastKnownFileType = text.plist.strings; name = en; path = en.lproj/InfoPlist.strings; sourceTree = "<group>"; };
		2ED28C041664223300EA0AEE /* main.m */ = {isa = PBXFileReference; lastKnownFileType = sourcecode.c.objc; path = main.m; sourceTree = "<group>"; };
		2ED28C061664223300EA0AEE /* CarAssist-Prefix.pch */ = {isa = PBXFileReference; lastKnownFileType = sourcecode.c.h; path = "CarAssist-Prefix.pch"; sourceTree = "<group>"; };
		2ED28C071664223300EA0AEE /* AppDelegate.h */ = {isa = PBXFileReference; lastKnownFileType = sourcecode.c.h; path = AppDelegate.h; sourceTree = "<group>"; };
		2ED28C081664223300EA0AEE /* AppDelegate.m */ = {isa = PBXFileReference; lastKnownFileType = sourcecode.c.objc; path = AppDelegate.m; sourceTree = "<group>"; };
		2ED28C0A1664223300EA0AEE /* Default.png */ = {isa = PBXFileReference; lastKnownFileType = image.png; path = Default.png; sourceTree = "<group>"; };
		2ED28C0C1664223300EA0AEE /* Default@2x.png */ = {isa = PBXFileReference; lastKnownFileType = image.png; path = "Default@2x.png"; sourceTree = "<group>"; };
		2ED28C0E1664223300EA0AEE /* Default-568h@2x.png */ = {isa = PBXFileReference; lastKnownFileType = image.png; path = "Default-568h@2x.png"; sourceTree = "<group>"; };
		2ED28C1B1664223300EA0AEE /* CarAssistTests.octest */ = {isa = PBXFileReference; explicitFileType = wrapper.cfbundle; includeInIndex = 0; path = CarAssistTests.octest; sourceTree = BUILT_PRODUCTS_DIR; };
		2ED28C1C1664223300EA0AEE /* SenTestingKit.framework */ = {isa = PBXFileReference; lastKnownFileType = wrapper.framework; name = SenTestingKit.framework; path = Library/Frameworks/SenTestingKit.framework; sourceTree = DEVELOPER_DIR; };
		2ED28C241664223300EA0AEE /* CarAssistTests-Info.plist */ = {isa = PBXFileReference; lastKnownFileType = text.plist.xml; path = "CarAssistTests-Info.plist"; sourceTree = "<group>"; };
		2ED28C261664223300EA0AEE /* en */ = {isa = PBXFileReference; lastKnownFileType = text.plist.strings; name = en; path = en.lproj/InfoPlist.strings; sourceTree = "<group>"; };
		2ED28C281664223300EA0AEE /* CarAssistTests.h */ = {isa = PBXFileReference; lastKnownFileType = sourcecode.c.h; path = CarAssistTests.h; sourceTree = "<group>"; };
		2ED28C291664223300EA0AEE /* CarAssistTests.m */ = {isa = PBXFileReference; lastKnownFileType = sourcecode.c.objc; path = CarAssistTests.m; sourceTree = "<group>"; };
		2ED28C3B166422BA00EA0AEE /* HomescreenViewController.h */ = {isa = PBXFileReference; fileEncoding = 4; lastKnownFileType = sourcecode.c.h; path = HomescreenViewController.h; sourceTree = "<group>"; };
		2ED28C3C166422BA00EA0AEE /* HomescreenViewController.m */ = {isa = PBXFileReference; fileEncoding = 4; lastKnownFileType = sourcecode.c.objc; path = HomescreenViewController.m; sourceTree = "<group>"; };
		2ED28C3D166422BA00EA0AEE /* HomescreenViewController.xib */ = {isa = PBXFileReference; fileEncoding = 4; lastKnownFileType = file.xib; path = HomescreenViewController.xib; sourceTree = "<group>"; };
		2ED28C40166422D200EA0AEE /* ProfilController.h */ = {isa = PBXFileReference; fileEncoding = 4; lastKnownFileType = sourcecode.c.h; path = ProfilController.h; sourceTree = "<group>"; };
		2ED28C41166422D200EA0AEE /* ProfilController.m */ = {isa = PBXFileReference; fileEncoding = 4; lastKnownFileType = sourcecode.c.objc; path = ProfilController.m; sourceTree = "<group>"; };
		2ED28C42166422D200EA0AEE /* ProfilController.xib */ = {isa = PBXFileReference; fileEncoding = 4; lastKnownFileType = file.xib; path = ProfilController.xib; sourceTree = "<group>"; };
		2ED28C45166422DD00EA0AEE /* ServiceViewController.h */ = {isa = PBXFileReference; fileEncoding = 4; lastKnownFileType = sourcecode.c.h; path = ServiceViewController.h; sourceTree = "<group>"; };
		2ED28C46166422DD00EA0AEE /* ServiceViewController.m */ = {isa = PBXFileReference; fileEncoding = 4; lastKnownFileType = sourcecode.c.objc; path = ServiceViewController.m; sourceTree = "<group>"; };
		2ED28C47166422DD00EA0AEE /* ServiceViewController.xib */ = {isa = PBXFileReference; fileEncoding = 4; lastKnownFileType = file.xib; path = ServiceViewController.xib; sourceTree = "<group>"; };
		2ED28C4A166422E800EA0AEE /* StepModel.h */ = {isa = PBXFileReference; fileEncoding = 4; lastKnownFileType = sourcecode.c.h; path = StepModel.h; sourceTree = "<group>"; };
		2ED28C4B166422E800EA0AEE /* StepModel.m */ = {isa = PBXFileReference; fileEncoding = 4; lastKnownFileType = sourcecode.c.objc; path = StepModel.m; sourceTree = "<group>"; };
		2ED28C4C166422E800EA0AEE /* StepModelGenerator.h */ = {isa = PBXFileReference; fileEncoding = 4; lastKnownFileType = sourcecode.c.h; path = StepModelGenerator.h; sourceTree = "<group>"; };
		2ED28C4D166422E800EA0AEE /* StepModelGenerator.m */ = {isa = PBXFileReference; fileEncoding = 4; lastKnownFileType = sourcecode.c.objc; path = StepModelGenerator.m; sourceTree = "<group>"; };
		2ED28C501664230100EA0AEE /* StepScrollViewController.h */ = {isa = PBXFileReference; fileEncoding = 4; lastKnownFileType = sourcecode.c.h; path = StepScrollViewController.h; sourceTree = "<group>"; };
		2ED28C511664230100EA0AEE /* StepScrollViewController.m */ = {isa = PBXFileReference; fileEncoding = 4; lastKnownFileType = sourcecode.c.objc; path = StepScrollViewController.m; sourceTree = "<group>"; };
		2ED28C521664230100EA0AEE /* StepScrollViewController.xib */ = {isa = PBXFileReference; fileEncoding = 4; lastKnownFileType = file.xib; path = StepScrollViewController.xib; sourceTree = "<group>"; };
		2ED28C531664230100EA0AEE /* StepView.h */ = {isa = PBXFileReference; fileEncoding = 4; lastKnownFileType = sourcecode.c.h; path = StepView.h; sourceTree = "<group>"; };
		2ED28C541664230100EA0AEE /* StepView.m */ = {isa = PBXFileReference; fileEncoding = 4; lastKnownFileType = sourcecode.c.objc; path = StepView.m; sourceTree = "<group>"; };
		2ED28C551664230100EA0AEE /* StepView.xib */ = {isa = PBXFileReference; fileEncoding = 4; lastKnownFileType = file.xib; path = StepView.xib; sourceTree = "<group>"; };
		2ED28C5A1664231300EA0AEE /* View.xib */ = {isa = PBXFileReference; fileEncoding = 4; lastKnownFileType = file.xib; path = View.xib; sourceTree = "<group>"; };
		2ED28C5B1664231300EA0AEE /* WarningLight.h */ = {isa = PBXFileReference; fileEncoding = 4; lastKnownFileType = sourcecode.c.h; path = WarningLight.h; sourceTree = "<group>"; };
		2ED28C5C1664231300EA0AEE /* WarningLight.m */ = {isa = PBXFileReference; fileEncoding = 4; lastKnownFileType = sourcecode.c.objc; path = WarningLight.m; sourceTree = "<group>"; };
		2ED28C5D1664231300EA0AEE /* WarningLightCollectionViewCell.h */ = {isa = PBXFileReference; fileEncoding = 4; lastKnownFileType = sourcecode.c.h; path = WarningLightCollectionViewCell.h; sourceTree = "<group>"; };
		2ED28C5E1664231300EA0AEE /* WarningLightCollectionViewCell.m */ = {isa = PBXFileReference; fileEncoding = 4; lastKnownFileType = sourcecode.c.objc; path = WarningLightCollectionViewCell.m; sourceTree = "<group>"; };
		2ED28C5F1664231300EA0AEE /* WarningLightContainerViewController.h */ = {isa = PBXFileReference; fileEncoding = 4; lastKnownFileType = sourcecode.c.h; path = WarningLightContainerViewController.h; sourceTree = "<group>"; };
		2ED28C601664231300EA0AEE /* WarningLightContainerViewController.m */ = {isa = PBXFileReference; fileEncoding = 4; lastKnownFileType = sourcecode.c.objc; path = WarningLightContainerViewController.m; sourceTree = "<group>"; };
		2ED28C611664231300EA0AEE /* WarningLightContainerViewController.xib */ = {isa = PBXFileReference; fileEncoding = 4; lastKnownFileType = file.xib; path = WarningLightContainerViewController.xib; sourceTree = "<group>"; };
		2ED28C621664231300EA0AEE /* WarningLightStockService.h */ = {isa = PBXFileReference; fileEncoding = 4; lastKnownFileType = sourcecode.c.h; path = WarningLightStockService.h; sourceTree = "<group>"; };
		2ED28C631664231300EA0AEE /* WarningLightStockService.m */ = {isa = PBXFileReference; fileEncoding = 4; lastKnownFileType = sourcecode.c.objc; path = WarningLightStockService.m; sourceTree = "<group>"; };
		2ED28C641664231300EA0AEE /* WarningLightViewController.h */ = {isa = PBXFileReference; fileEncoding = 4; lastKnownFileType = sourcecode.c.h; path = WarningLightViewController.h; sourceTree = "<group>"; };
		2ED28C651664231300EA0AEE /* WarningLightViewController.m */ = {isa = PBXFileReference; fileEncoding = 4; lastKnownFileType = sourcecode.c.objc; path = WarningLightViewController.m; sourceTree = "<group>"; };
		2ED28C661664231300EA0AEE /* WarningLightViewController.xib */ = {isa = PBXFileReference; fileEncoding = 4; lastKnownFileType = file.xib; path = WarningLightViewController.xib; sourceTree = "<group>"; };
		2ED28C70166423B500EA0AEE /* bremsanlage.png */ = {isa = PBXFileReference; lastKnownFileType = image.png; path = bremsanlage.png; sourceTree = "<group>"; };
		2ED28C72166423C500EA0AEE /* feststellbremsenleuchte.png */ = {isa = PBXFileReference; lastKnownFileType = image.png; path = feststellbremsenleuchte.png; sourceTree = "<group>"; };
		2ED28C74166423CC00EA0AEE /* parkbremse.png */ = {isa = PBXFileReference; lastKnownFileType = image.png; path = parkbremse.png; sourceTree = "<group>"; };
		2ED28C76166423DF00EA0AEE /* warnleuchte.png */ = {isa = PBXFileReference; lastKnownFileType = image.png; path = warnleuchte.png; sourceTree = "<group>"; };
		2ED28C781664241600EA0AEE /* ProfilTest.h */ = {isa = PBXFileReference; fileEncoding = 4; lastKnownFileType = sourcecode.c.h; path = ProfilTest.h; sourceTree = "<group>"; };
		2ED28C791664241600EA0AEE /* ProfilTest.m */ = {isa = PBXFileReference; fileEncoding = 4; lastKnownFileType = sourcecode.c.objc; path = ProfilTest.m; sourceTree = "<group>"; };
		2ED28C7A1664241600EA0AEE /* WarningLightStockServiceTest.h */ = {isa = PBXFileReference; fileEncoding = 4; lastKnownFileType = sourcecode.c.h; path = WarningLightStockServiceTest.h; sourceTree = "<group>"; };
		2ED28C7B1664241600EA0AEE /* WarningLightStockServiceTest.m */ = {isa = PBXFileReference; fileEncoding = 4; lastKnownFileType = sourcecode.c.objc; path = WarningLightStockServiceTest.m; sourceTree = "<group>"; };
		2ED28C7C1664241600EA0AEE /* WarningLightTest.h */ = {isa = PBXFileReference; fileEncoding = 4; lastKnownFileType = sourcecode.c.h; path = WarningLightTest.h; sourceTree = "<group>"; };
		2ED28C7D1664241600EA0AEE /* WarningLightTest.m */ = {isa = PBXFileReference; fileEncoding = 4; lastKnownFileType = sourcecode.c.objc; path = WarningLightTest.m; sourceTree = "<group>"; };
/* End PBXFileReference section */

/* Begin PBXFrameworksBuildPhase section */
		2ED28BF11664223300EA0AEE /* Frameworks */ = {
			isa = PBXFrameworksBuildPhase;
			buildActionMask = 2147483647;
			files = (
				2ED28BF91664223300EA0AEE /* UIKit.framework in Frameworks */,
				2ED28BFB1664223300EA0AEE /* Foundation.framework in Frameworks */,
				2ED28BFD1664223300EA0AEE /* CoreGraphics.framework in Frameworks */,
			);
			runOnlyForDeploymentPostprocessing = 0;
		};
		2ED28C171664223300EA0AEE /* Frameworks */ = {
			isa = PBXFrameworksBuildPhase;
			buildActionMask = 2147483647;
			files = (
				2ED28C1D1664223300EA0AEE /* SenTestingKit.framework in Frameworks */,
				2ED28C1E1664223300EA0AEE /* UIKit.framework in Frameworks */,
				2ED28C1F1664223300EA0AEE /* Foundation.framework in Frameworks */,
			);
			runOnlyForDeploymentPostprocessing = 0;
		};
/* End PBXFrameworksBuildPhase section */

/* Begin PBXGroup section */
		2ED28BE91664223300EA0AEE = {
			isa = PBXGroup;
			children = (
				2ED28BFE1664223300EA0AEE /* CarAssist */,
				2ED28C221664223300EA0AEE /* CarAssistTests */,
				2ED28BF71664223300EA0AEE /* Frameworks */,
				2ED28BF51664223300EA0AEE /* Products */,
			);
			sourceTree = "<group>";
		};
		2ED28BF51664223300EA0AEE /* Products */ = {
			isa = PBXGroup;
			children = (
				2ED28BF41664223300EA0AEE /* CarAssist.app */,
				2ED28C1B1664223300EA0AEE /* CarAssistTests.octest */,
			);
			name = Products;
			sourceTree = "<group>";
		};
		2ED28BF71664223300EA0AEE /* Frameworks */ = {
			isa = PBXGroup;
			children = (
				2ED28BF81664223300EA0AEE /* UIKit.framework */,
				2ED28BFA1664223300EA0AEE /* Foundation.framework */,
				2ED28BFC1664223300EA0AEE /* CoreGraphics.framework */,
				2ED28C1C1664223300EA0AEE /* SenTestingKit.framework */,
			);
			name = Frameworks;
			sourceTree = "<group>";
		};
		2ED28BFE1664223300EA0AEE /* CarAssist */ = {
			isa = PBXGroup;
			children = (
				2ED28C6F1664239E00EA0AEE /* Ressources */,
				2ED28C351664226D00EA0AEE /* Services */,
				2ED28C341664226700EA0AEE /* Model */,
				2ED28C331664226100EA0AEE /* Controller */,
				2ED28C071664223300EA0AEE /* AppDelegate.h */,
				2ED28C081664223300EA0AEE /* AppDelegate.m */,
				2ED28BFF1664223300EA0AEE /* Supporting Files */,
			);
			path = CarAssist;
			sourceTree = "<group>";
		};
		2ED28BFF1664223300EA0AEE /* Supporting Files */ = {
			isa = PBXGroup;
			children = (
				2ED28C001664223300EA0AEE /* CarAssist-Info.plist */,
				2ED28C011664223300EA0AEE /* InfoPlist.strings */,
				2ED28C041664223300EA0AEE /* main.m */,
				2ED28C061664223300EA0AEE /* CarAssist-Prefix.pch */,
				2ED28C0A1664223300EA0AEE /* Default.png */,
				2ED28C0C1664223300EA0AEE /* Default@2x.png */,
				2ED28C0E1664223300EA0AEE /* Default-568h@2x.png */,
			);
			name = "Supporting Files";
			sourceTree = "<group>";
		};
		2ED28C221664223300EA0AEE /* CarAssistTests */ = {
			isa = PBXGroup;
			children = (
				2ED28C781664241600EA0AEE /* ProfilTest.h */,
				2ED28C791664241600EA0AEE /* ProfilTest.m */,
				2ED28C7A1664241600EA0AEE /* WarningLightStockServiceTest.h */,
				2ED28C7B1664241600EA0AEE /* WarningLightStockServiceTest.m */,
				2ED28C7C1664241600EA0AEE /* WarningLightTest.h */,
				2ED28C7D1664241600EA0AEE /* WarningLightTest.m */,
				2ED28C281664223300EA0AEE /* CarAssistTests.h */,
				2ED28C291664223300EA0AEE /* CarAssistTests.m */,
				2ED28C231664223300EA0AEE /* Supporting Files */,
			);
			path = CarAssistTests;
			sourceTree = "<group>";
		};
		2ED28C231664223300EA0AEE /* Supporting Files */ = {
			isa = PBXGroup;
			children = (
				2ED28C241664223300EA0AEE /* CarAssistTests-Info.plist */,
				2ED28C251664223300EA0AEE /* InfoPlist.strings */,
			);
			name = "Supporting Files";
			sourceTree = "<group>";
		};
		2ED28C331664226100EA0AEE /* Controller */ = {
			isa = PBXGroup;
			children = (
				2ED28C3B166422BA00EA0AEE /* HomescreenViewController.h */,
				2ED28C3C166422BA00EA0AEE /* HomescreenViewController.m */,
				2ED28C3D166422BA00EA0AEE /* HomescreenViewController.xib */,
				2ED28C3A166422A600EA0AEE /* Tips */,
				2ED28C391664229700EA0AEE /* Manual */,
				2ED28C381664228D00EA0AEE /* Profile */,
				2ED28C371664227F00EA0AEE /* Service */,
				2ED28C361664227500EA0AEE /* Warnings */,
			);
			name = Controller;
			sourceTree = "<group>";
		};
		2ED28C341664226700EA0AEE /* Model */ = {
			isa = PBXGroup;
			children = (
				2ED28C4A166422E800EA0AEE /* StepModel.h */,
				2ED28C4B166422E800EA0AEE /* StepModel.m */,
			);
			name = Model;
			sourceTree = "<group>";
		};
		2ED28C351664226D00EA0AEE /* Services */ = {
			isa = PBXGroup;
			children = (
				2ED28C4C166422E800EA0AEE /* StepModelGenerator.h */,
				2ED28C4D166422E800EA0AEE /* StepModelGenerator.m */,
				2ED28C621664231300EA0AEE /* WarningLightStockService.h */,
				2ED28C631664231300EA0AEE /* WarningLightStockService.m */,
			);
			name = Services;
			sourceTree = "<group>";
		};
		2ED28C361664227500EA0AEE /* Warnings */ = {
			isa = PBXGroup;
			children = (
				2ED28C5A1664231300EA0AEE /* View.xib */,
				2ED28C5B1664231300EA0AEE /* WarningLight.h */,
				2ED28C5C1664231300EA0AEE /* WarningLight.m */,
				2ED28C5D1664231300EA0AEE /* WarningLightCollectionViewCell.h */,
				2ED28C5E1664231300EA0AEE /* WarningLightCollectionViewCell.m */,
				2ED28C5F1664231300EA0AEE /* WarningLightContainerViewController.h */,
				2ED28C601664231300EA0AEE /* WarningLightContainerViewController.m */,
				2ED28C611664231300EA0AEE /* WarningLightContainerViewController.xib */,
				2ED28C641664231300EA0AEE /* WarningLightViewController.h */,
				2ED28C651664231300EA0AEE /* WarningLightViewController.m */,
				2ED28C661664231300EA0AEE /* WarningLightViewController.xib */,
			);
			name = Warnings;
			sourceTree = "<group>";
		};
		2ED28C371664227F00EA0AEE /* Service */ = {
			isa = PBXGroup;
			children = (
				2ED28C45166422DD00EA0AEE /* ServiceViewController.h */,
				2ED28C46166422DD00EA0AEE /* ServiceViewController.m */,
				2ED28C47166422DD00EA0AEE /* ServiceViewController.xib */,
				2ED28C501664230100EA0AEE /* StepScrollViewController.h */,
				2ED28C511664230100EA0AEE /* StepScrollViewController.m */,
				2ED28C521664230100EA0AEE /* StepScrollViewController.xib */,
				2ED28C531664230100EA0AEE /* StepView.h */,
				2ED28C541664230100EA0AEE /* StepView.m */,
				2ED28C551664230100EA0AEE /* StepView.xib */,
			);
			name = Service;
			sourceTree = "<group>";
		};
		2ED28C381664228D00EA0AEE /* Profile */ = {
			isa = PBXGroup;
			children = (
				2ED28C40166422D200EA0AEE /* ProfilController.h */,
				2ED28C41166422D200EA0AEE /* ProfilController.m */,
				2ED28C42166422D200EA0AEE /* ProfilController.xib */,
			);
			name = Profile;
			sourceTree = "<group>";
		};
		2ED28C391664229700EA0AEE /* Manual */ = {
			isa = PBXGroup;
			children = (
			);
			name = Manual;
			sourceTree = "<group>";
		};
		2ED28C3A166422A600EA0AEE /* Tips */ = {
			isa = PBXGroup;
			children = (
			);
			name = Tips;
			sourceTree = "<group>";
		};
		2ED28C6F1664239E00EA0AEE /* Ressources */ = {
			isa = PBXGroup;
			children = (
				2ED28C76166423DF00EA0AEE /* warnleuchte.png */,
				2ED28C70166423B500EA0AEE /* bremsanlage.png */,
				2ED28C72166423C500EA0AEE /* feststellbremsenleuchte.png */,
				2ED28C74166423CC00EA0AEE /* parkbremse.png */,
			);
			name = Ressources;
			sourceTree = "<group>";
		};
/* End PBXGroup section */

/* Begin PBXNativeTarget section */
		2ED28BF31664223300EA0AEE /* CarAssist */ = {
			isa = PBXNativeTarget;
			buildConfigurationList = 2ED28C2D1664223300EA0AEE /* Build configuration list for PBXNativeTarget "CarAssist" */;
			buildPhases = (
				2ED28BF01664223300EA0AEE /* Sources */,
				2ED28BF11664223300EA0AEE /* Frameworks */,
				2ED28BF21664223300EA0AEE /* Resources */,
			);
			buildRules = (
			);
			dependencies = (
			);
			name = CarAssist;
			productName = CarAssist;
			productReference = 2ED28BF41664223300EA0AEE /* CarAssist.app */;
			productType = "com.apple.product-type.application";
		};
		2ED28C1A1664223300EA0AEE /* CarAssistTests */ = {
			isa = PBXNativeTarget;
			buildConfigurationList = 2ED28C301664223300EA0AEE /* Build configuration list for PBXNativeTarget "CarAssistTests" */;
			buildPhases = (
				2ED28C161664223300EA0AEE /* Sources */,
				2ED28C171664223300EA0AEE /* Frameworks */,
				2ED28C181664223300EA0AEE /* Resources */,
				2ED28C191664223300EA0AEE /* ShellScript */,
			);
			buildRules = (
			);
			dependencies = (
				2ED28C211664223300EA0AEE /* PBXTargetDependency */,
			);
			name = CarAssistTests;
			productName = CarAssistTests;
			productReference = 2ED28C1B1664223300EA0AEE /* CarAssistTests.octest */;
			productType = "com.apple.product-type.bundle";
		};
/* End PBXNativeTarget section */

/* Begin PBXProject section */
		2ED28BEB1664223300EA0AEE /* Project object */ = {
			isa = PBXProject;
			attributes = {
				LastUpgradeCheck = 0450;
				ORGANIZATIONNAME = "Universität Hamburg";
			};
			buildConfigurationList = 2ED28BEE1664223300EA0AEE /* Build configuration list for PBXProject "CarAssist" */;
			compatibilityVersion = "Xcode 3.2";
			developmentRegion = English;
			hasScannedForEncodings = 0;
			knownRegions = (
				en,
			);
			mainGroup = 2ED28BE91664223300EA0AEE;
			productRefGroup = 2ED28BF51664223300EA0AEE /* Products */;
			projectDirPath = "";
			projectRoot = "";
			targets = (
				2ED28BF31664223300EA0AEE /* CarAssist */,
				2ED28C1A1664223300EA0AEE /* CarAssistTests */,
			);
		};
/* End PBXProject section */

/* Begin PBXResourcesBuildPhase section */
		2ED28BF21664223300EA0AEE /* Resources */ = {
			isa = PBXResourcesBuildPhase;
			buildActionMask = 2147483647;
			files = (
				2ED28C031664223300EA0AEE /* InfoPlist.strings in Resources */,
				2ED28C0B1664223300EA0AEE /* Default.png in Resources */,
				2ED28C0D1664223300EA0AEE /* Default@2x.png in Resources */,
				2ED28C0F1664223300EA0AEE /* Default-568h@2x.png in Resources */,
				2ED28C3F166422BA00EA0AEE /* HomescreenViewController.xib in Resources */,
				2ED28C44166422D200EA0AEE /* ProfilController.xib in Resources */,
				2ED28C49166422DD00EA0AEE /* ServiceViewController.xib in Resources */,
				2ED28C571664230100EA0AEE /* StepScrollViewController.xib in Resources */,
				2ED28C591664230100EA0AEE /* StepView.xib in Resources */,
				2ED28C671664231300EA0AEE /* View.xib in Resources */,
				2ED28C6B1664231300EA0AEE /* WarningLightContainerViewController.xib in Resources */,
				2ED28C6E1664231300EA0AEE /* WarningLightViewController.xib in Resources */,
				2ED28C71166423B500EA0AEE /* bremsanlage.png in Resources */,
				2ED28C73166423C500EA0AEE /* feststellbremsenleuchte.png in Resources */,
				2ED28C75166423CC00EA0AEE /* parkbremse.png in Resources */,
				2ED28C77166423DF00EA0AEE /* warnleuchte.png in Resources */,
			);
			runOnlyForDeploymentPostprocessing = 0;
		};
		2ED28C181664223300EA0AEE /* Resources */ = {
			isa = PBXResourcesBuildPhase;
			buildActionMask = 2147483647;
			files = (
				2ED28C271664223300EA0AEE /* InfoPlist.strings in Resources */,
			);
			runOnlyForDeploymentPostprocessing = 0;
		};
/* End PBXResourcesBuildPhase section */

/* Begin PBXShellScriptBuildPhase section */
		2ED28C191664223300EA0AEE /* ShellScript */ = {
			isa = PBXShellScriptBuildPhase;
			buildActionMask = 2147483647;
			files = (
			);
			inputPaths = (
			);
			outputPaths = (
			);
			runOnlyForDeploymentPostprocessing = 0;
			shellPath = /bin/sh;
			shellScript = "# Run the unit tests in this test bundle.\n\"${SYSTEM_DEVELOPER_DIR}/Tools/RunUnitTests\"\n";
		};
/* End PBXShellScriptBuildPhase section */

/* Begin PBXSourcesBuildPhase section */
		2ED28BF01664223300EA0AEE /* Sources */ = {
			isa = PBXSourcesBuildPhase;
			buildActionMask = 2147483647;
			files = (
				2ED28C051664223300EA0AEE /* main.m in Sources */,
				2ED28C091664223300EA0AEE /* AppDelegate.m in Sources */,
				2ED28C3E166422BA00EA0AEE /* HomescreenViewController.m in Sources */,
				2ED28C43166422D200EA0AEE /* ProfilController.m in Sources */,
				2ED28C48166422DD00EA0AEE /* ServiceViewController.m in Sources */,
				2ED28C4E166422E800EA0AEE /* StepModel.m in Sources */,
				2ED28C4F166422E800EA0AEE /* StepModelGenerator.m in Sources */,
				2ED28C561664230100EA0AEE /* StepScrollViewController.m in Sources */,
				2ED28C581664230100EA0AEE /* StepView.m in Sources */,
				2ED28C681664231300EA0AEE /* WarningLight.m in Sources */,
				2ED28C691664231300EA0AEE /* WarningLightCollectionViewCell.m in Sources */,
				2ED28C6A1664231300EA0AEE /* WarningLightContainerViewController.m in Sources */,
				2ED28C6C1664231300EA0AEE /* WarningLightStockService.m in Sources */,
				2ED28C6D1664231300EA0AEE /* WarningLightViewController.m in Sources */,
			);
			runOnlyForDeploymentPostprocessing = 0;
		};
		2ED28C161664223300EA0AEE /* Sources */ = {
			isa = PBXSourcesBuildPhase;
			buildActionMask = 2147483647;
			files = (
				2ED28C2A1664223300EA0AEE /* CarAssistTests.m in Sources */,
				2ED28C7E1664241600EA0AEE /* ProfilTest.m in Sources */,
				2ED28C7F1664241600EA0AEE /* WarningLightStockServiceTest.m in Sources */,
				2ED28C801664241600EA0AEE /* WarningLightTest.m in Sources */,
			);
			runOnlyForDeploymentPostprocessing = 0;
		};
/* End PBXSourcesBuildPhase section */

/* Begin PBXTargetDependency section */
		2ED28C211664223300EA0AEE /* PBXTargetDependency */ = {
			isa = PBXTargetDependency;
			target = 2ED28BF31664223300EA0AEE /* CarAssist */;
			targetProxy = 2ED28C201664223300EA0AEE /* PBXContainerItemProxy */;
		};
/* End PBXTargetDependency section */

/* Begin PBXVariantGroup section */
		2ED28C011664223300EA0AEE /* InfoPlist.strings */ = {
			isa = PBXVariantGroup;
			children = (
				2ED28C021664223300EA0AEE /* en */,
			);
			name = InfoPlist.strings;
			sourceTree = "<group>";
		};
		2ED28C251664223300EA0AEE /* InfoPlist.strings */ = {
			isa = PBXVariantGroup;
			children = (
				2ED28C261664223300EA0AEE /* en */,
			);
			name = InfoPlist.strings;
			sourceTree = "<group>";
		};
/* End PBXVariantGroup section */

/* Begin XCBuildConfiguration section */
		2ED28C2B1664223300EA0AEE /* Debug */ = {
			isa = XCBuildConfiguration;
			buildSettings = {
				ALWAYS_SEARCH_USER_PATHS = NO;
				CLANG_CXX_LANGUAGE_STANDARD = "gnu++0x";
				CLANG_CXX_LIBRARY = "libc++";
				CLANG_ENABLE_OBJC_ARC = YES;
				CLANG_WARN_EMPTY_BODY = YES;
				CLANG_WARN__DUPLICATE_METHOD_MATCH = YES;
				"CODE_SIGN_IDENTITY[sdk=iphoneos*]" = "iPhone Developer";
				COPY_PHASE_STRIP = NO;
				GCC_C_LANGUAGE_STANDARD = gnu99;
				GCC_DYNAMIC_NO_PIC = NO;
				GCC_OPTIMIZATION_LEVEL = 0;
				GCC_PREPROCESSOR_DEFINITIONS = (
					"DEBUG=1",
					"$(inherited)",
				);
				GCC_SYMBOLS_PRIVATE_EXTERN = NO;
				GCC_WARN_ABOUT_RETURN_TYPE = YES;
				GCC_WARN_UNINITIALIZED_AUTOS = YES;
				GCC_WARN_UNUSED_VARIABLE = YES;
				IPHONEOS_DEPLOYMENT_TARGET = 6.0;
				ONLY_ACTIVE_ARCH = YES;
				SDKROOT = iphoneos;
				TARGETED_DEVICE_FAMILY = 2;
			};
			name = Debug;
		};
		2ED28C2C1664223300EA0AEE /* Release */ = {
			isa = XCBuildConfiguration;
			buildSettings = {
				ALWAYS_SEARCH_USER_PATHS = NO;
				CLANG_CXX_LANGUAGE_STANDARD = "gnu++0x";
				CLANG_CXX_LIBRARY = "libc++";
				CLANG_ENABLE_OBJC_ARC = YES;
				CLANG_WARN_EMPTY_BODY = YES;
				CLANG_WARN__DUPLICATE_METHOD_MATCH = YES;
				"CODE_SIGN_IDENTITY[sdk=iphoneos*]" = "iPhone Developer";
				COPY_PHASE_STRIP = YES;
				GCC_C_LANGUAGE_STANDARD = gnu99;
				GCC_WARN_ABOUT_RETURN_TYPE = YES;
				GCC_WARN_UNINITIALIZED_AUTOS = YES;
				GCC_WARN_UNUSED_VARIABLE = YES;
				IPHONEOS_DEPLOYMENT_TARGET = 6.0;
				OTHER_CFLAGS = "-DNS_BLOCK_ASSERTIONS=1";
				SDKROOT = iphoneos;
				TARGETED_DEVICE_FAMILY = 2;
				VALIDATE_PRODUCT = YES;
			};
			name = Release;
		};
		2ED28C2E1664223300EA0AEE /* Debug */ = {
			isa = XCBuildConfiguration;
			buildSettings = {
				GCC_PRECOMPILE_PREFIX_HEADER = YES;
				GCC_PREFIX_HEADER = "CarAssist/CarAssist-Prefix.pch";
				INFOPLIST_FILE = "CarAssist/CarAssist-Info.plist";
				PRODUCT_NAME = "$(TARGET_NAME)";
				WRAPPER_EXTENSION = app;
			};
			name = Debug;
		};
		2ED28C2F1664223300EA0AEE /* Release */ = {
			isa = XCBuildConfiguration;
			buildSettings = {
				GCC_PRECOMPILE_PREFIX_HEADER = YES;
				GCC_PREFIX_HEADER = "CarAssist/CarAssist-Prefix.pch";
				INFOPLIST_FILE = "CarAssist/CarAssist-Info.plist";
				PRODUCT_NAME = "$(TARGET_NAME)";
				WRAPPER_EXTENSION = app;
			};
			name = Release;
		};
		2ED28C311664223300EA0AEE /* Debug */ = {
			isa = XCBuildConfiguration;
			buildSettings = {
				BUNDLE_LOADER = "$(BUILT_PRODUCTS_DIR)/CarAssist.app/CarAssist";
				FRAMEWORK_SEARCH_PATHS = (
					"\"$(SDKROOT)/Developer/Library/Frameworks\"",
					"\"$(DEVELOPER_LIBRARY_DIR)/Frameworks\"",
				);
				GCC_PRECOMPILE_PREFIX_HEADER = YES;
				GCC_PREFIX_HEADER = "CarAssist/CarAssist-Prefix.pch";
				INFOPLIST_FILE = "CarAssistTests/CarAssistTests-Info.plist";
				PRODUCT_NAME = "$(TARGET_NAME)";
				TEST_HOST = "$(BUNDLE_LOADER)";
				WRAPPER_EXTENSION = octest;
			};
			name = Debug;
		};
		2ED28C321664223300EA0AEE /* Release */ = {
			isa = XCBuildConfiguration;
			buildSettings = {
				BUNDLE_LOADER = "$(BUILT_PRODUCTS_DIR)/CarAssist.app/CarAssist";
				FRAMEWORK_SEARCH_PATHS = (
					"\"$(SDKROOT)/Developer/Library/Frameworks\"",
					"\"$(DEVELOPER_LIBRARY_DIR)/Frameworks\"",
				);
				GCC_PRECOMPILE_PREFIX_HEADER = YES;
				GCC_PREFIX_HEADER = "CarAssist/CarAssist-Prefix.pch";
				INFOPLIST_FILE = "CarAssistTests/CarAssistTests-Info.plist";
				PRODUCT_NAME = "$(TARGET_NAME)";
				TEST_HOST = "$(BUNDLE_LOADER)";
				WRAPPER_EXTENSION = octest;
			};
			name = Release;
		};
/* End XCBuildConfiguration section */

/* Begin XCConfigurationList section */
		2ED28BEE1664223300EA0AEE /* Build configuration list for PBXProject "CarAssist" */ = {
			isa = XCConfigurationList;
			buildConfigurations = (
				2ED28C2B1664223300EA0AEE /* Debug */,
				2ED28C2C1664223300EA0AEE /* Release */,
			);
			defaultConfigurationIsVisible = 0;
			defaultConfigurationName = Release;
		};
		2ED28C2D1664223300EA0AEE /* Build configuration list for PBXNativeTarget "CarAssist" */ = {
			isa = XCConfigurationList;
			buildConfigurations = (
				2ED28C2E1664223300EA0AEE /* Debug */,
				2ED28C2F1664223300EA0AEE /* Release */,
			);
			defaultConfigurationIsVisible = 0;
		};
		2ED28C301664223300EA0AEE /* Build configuration list for PBXNativeTarget "CarAssistTests" */ = {
			isa = XCConfigurationList;
			buildConfigurations = (
				2ED28C311664223300EA0AEE /* Debug */,
				2ED28C321664223300EA0AEE /* Release */,
			);
			defaultConfigurationIsVisible = 0;
		};
/* End XCConfigurationList section */
	};
	rootObject = 2ED28BEB1664223300EA0AEE /* Project object */;
}
